
Microsoft Visual Studio Solution File, Format Version 11.00
# Visual Studio 2010
Project("{8BC9CEB8-8B4A-11D0-8D11-00A0C91BC942}") = "Week2", "Week2\Week2.vcxproj", "{9F059C3A-FBF2-44D4-98E8-85D68F5881FC}"
EndProject
Global
	GlobalSection(SolutionConfigurationPlatforms) = preSolution
		Debug|Win32 = Debug|Win32
		Release|Win32 = Release|Win32
	EndGlobalSection
	GlobalSection(ProjectConfigurationPlatforms) = postSolution
		{9F059C3A-FBF2-44D4-98E8-85D68F5881FC}.Debug|Win32.ActiveCfg = Debug|Win32
		{9F059C3A-FBF2-44D4-98E8-85D68F5881FC}.Debug|Win32.Build.0 = Debug|Win32
		{9F059C3A-FBF2-44D4-98E8-85D68F5881FC}.Release|Win32.ActiveCfg = Release|Win32
		{9F059C3A-FBF2-44D4-98E8-85D68F5881FC}.Release|Win32.Build.0 = Release|Win32
	EndGlobalSection
	GlobalSection(SolutionProperties) = preSolution
		HideSolutionNode = FALSE
	EndGlobalSection
EndGlobal
